
Microsoft Visual Studio Solution File, Format Version 12.00
# Visual Studio Version 16
VisualStudioVersion = 16.0.31702.278
MinimumVisualStudioVersion = 10.0.40219.1
Project("{FAE04EC0-301F-11D3-BF4B-00C04F79EFBC}") = "WebApplication1", "WebApplication1.csproj", "{78A200DE-6C01-4983-AC92-25497C44AECB}"
EndProject
Global
	GlobalSection(SolutionConfigurationPlatforms) = preSolution
		Debug|Any CPU = Debug|Any CPU
		Release|Any CPU = Release|Any CPU
	EndGlobalSection
	GlobalSection(ProjectConfigurationPlatforms) = postSolution
		{78A200DE-6C01-4983-AC92-25497C44AECB}.Debug|Any CPU.ActiveCfg = Debug|Any CPU
		{78A200DE-6C01-4983-AC92-25497C44AECB}.Debug|Any CPU.Build.0 = Debug|Any CPU
		{78A200DE-6C01-4983-AC92-25497C44AECB}.Release|Any CPU.ActiveCfg = Release|Any CPU
		{78A200DE-6C01-4983-AC92-25497C44AECB}.Release|Any CPU.Build.0 = Release|Any CPU
	EndGlobalSection
	GlobalSection(SolutionProperties) = preSolution
		HideSolutionNode = FALSE
	EndGlobalSection
	GlobalSection(ExtensibilityGlobals) = postSolution
		SolutionGuid = {B24FB4FE-C555-4131-8A21-9CA5A8FEBBA5}
	EndGlobalSection
EndGlobal
